
Microsoft Visual Studio Solution File, Format Version 12.00
# Visual Studio 2013
VisualStudioVersion = 12.0.30723.0
MinimumVisualStudioVersion = 10.0.40219.1
Project("{FAE04EC0-301F-11D3-BF4B-00C04F79EFBC}") = "HttpServer", "HttpServer\HttpServer.csproj", "{B0AC89AE-B563-4448-930C-46FC818E727C}"
EndProject
Project("{FAE04EC0-301F-11D3-BF4B-00C04F79EFBC}") = "MightyGumBall", "MightyGumBall\MightyGumBall.csproj", "{416CC7D0-9703-4734-8DA3-0AA2A922AF03}"
EndProject
Project("{FAE04EC0-301F-11D3-BF4B-00C04F79EFBC}") = "Uploader", "Uploader\Uploader.csproj", "{E4C713A0-7329-4B8F-B757-39D731B06272}"
EndProject
Project("{FAE04EC0-301F-11D3-BF4B-00C04F79EFBC}") = "Application", "Application\Application.csproj", "{47DC5730-AC37-476A-B873-D41320A733EB}"
	ProjectSection(ProjectDependencies) = postProject
		{B0AC89AE-B563-4448-930C-46FC818E727C} = {B0AC89AE-B563-4448-930C-46FC818E727C}
	EndProjectSection
EndProject
Global
	GlobalSection(TeamFoundationVersionControl) = preSolution
		SccNumberOfProjects = 5
		SccEnterpriseProvider = {4CA58AB2-18FA-4F8D-95D4-32DDF27D184C}
		SccTeamFoundationServer = https://uriegel.visualstudio.com/defaultcollection
		SccLocalPath0 = .
		SccProjectUniqueName1 = HttpServer\\HttpServer.csproj
		SccProjectName1 = HttpServer
		SccLocalPath1 = HttpServer
		SccProjectUniqueName2 = MightyGumBall\\MightyGumBall.csproj
		SccProjectName2 = MightyGumBall
		SccLocalPath2 = MightyGumBall
		SccProjectUniqueName3 = Uploader\\Uploader.csproj
		SccProjectName3 = Uploader
		SccLocalPath3 = Uploader
		SccProjectUniqueName4 = Application\\Application.csproj
		SccProjectName4 = Application
		SccLocalPath4 = Application
	EndGlobalSection
	GlobalSection(SolutionConfigurationPlatforms) = preSolution
		Debug|Any CPU = Debug|Any CPU
		Release|Any CPU = Release|Any CPU
	EndGlobalSection
	GlobalSection(ProjectConfigurationPlatforms) = postSolution
		{B0AC89AE-B563-4448-930C-46FC818E727C}.Debug|Any CPU.ActiveCfg = Debug|Any CPU
		{B0AC89AE-B563-4448-930C-46FC818E727C}.Debug|Any CPU.Build.0 = Debug|Any CPU
		{B0AC89AE-B563-4448-930C-46FC818E727C}.Release|Any CPU.ActiveCfg = Release|Any CPU
		{B0AC89AE-B563-4448-930C-46FC818E727C}.Release|Any CPU.Build.0 = Release|Any CPU
		{416CC7D0-9703-4734-8DA3-0AA2A922AF03}.Debug|Any CPU.ActiveCfg = Debug|Any CPU
		{416CC7D0-9703-4734-8DA3-0AA2A922AF03}.Debug|Any CPU.Build.0 = Debug|Any CPU
		{416CC7D0-9703-4734-8DA3-0AA2A922AF03}.Release|Any CPU.ActiveCfg = Release|Any CPU
		{416CC7D0-9703-4734-8DA3-0AA2A922AF03}.Release|Any CPU.Build.0 = Release|Any CPU
		{E4C713A0-7329-4B8F-B757-39D731B06272}.Debug|Any CPU.ActiveCfg = Debug|Any CPU
		{E4C713A0-7329-4B8F-B757-39D731B06272}.Debug|Any CPU.Build.0 = Debug|Any CPU
		{E4C713A0-7329-4B8F-B757-39D731B06272}.Release|Any CPU.ActiveCfg = Release|Any CPU
		{E4C713A0-7329-4B8F-B757-39D731B06272}.Release|Any CPU.Build.0 = Release|Any CPU
		{47DC5730-AC37-476A-B873-D41320A733EB}.Debug|Any CPU.ActiveCfg = Debug|Any CPU
		{47DC5730-AC37-476A-B873-D41320A733EB}.Debug|Any CPU.Build.0 = Debug|Any CPU
		{47DC5730-AC37-476A-B873-D41320A733EB}.Release|Any CPU.ActiveCfg = Release|Any CPU
		{47DC5730-AC37-476A-B873-D41320A733EB}.Release|Any CPU.Build.0 = Release|Any CPU
	EndGlobalSection
	GlobalSection(SolutionProperties) = preSolution
		HideSolutionNode = FALSE
	EndGlobalSection
EndGlobal
